
Microsoft Visual Studio Solution File, Format Version 12.00
# Visual Studio 15
VisualStudioVersion = 15.0.27703.2035
MinimumVisualStudioVersion = 10.0.40219.1
Project("{FAE04EC0-301F-11D3-BF4B-00C04F79EFBC}") = "WebChat", "WebChat\WebChat.csproj", "{86840EFB-45DF-4028-BFDD-43A847E270CA}"
EndProject
Global
	GlobalSection(SolutionConfigurationPlatforms) = preSolution
		Debug|Any CPU = Debug|Any CPU
		Release|Any CPU = Release|Any CPU
	EndGlobalSection
	GlobalSection(ProjectConfigurationPlatforms) = postSolution
		{86840EFB-45DF-4028-BFDD-43A847E270CA}.Debug|Any CPU.ActiveCfg = Debug|Any CPU
		{86840EFB-45DF-4028-BFDD-43A847E270CA}.Debug|Any CPU.Build.0 = Debug|Any CPU
		{86840EFB-45DF-4028-BFDD-43A847E270CA}.Release|Any CPU.ActiveCfg = Release|Any CPU
		{86840EFB-45DF-4028-BFDD-43A847E270CA}.Release|Any CPU.Build.0 = Release|Any CPU
	EndGlobalSection
	GlobalSection(SolutionProperties) = preSolution
		HideSolutionNode = FALSE
	EndGlobalSection
	GlobalSection(ExtensibilityGlobals) = postSolution
		SolutionGuid = {41E4A4A7-E15B-4BA7-ACF3-636B8AEE7E05}
	EndGlobalSection
EndGlobal
